
Microsoft Visual Studio Solution File, Format Version 12.00
# Visual Studio Version 17
VisualStudioVersion = 17.5.33424.131
MinimumVisualStudioVersion = 10.0.40219.1
Project("{9A19103F-16F7-4668-BE54-9A1E7A4F7556}") = "TicTacToe", "TicTacToe\TicTacToe.csproj", "{121C0B8F-8787-4981-9968-B395D9457D5C}"
EndProject
Project("{FAE04EC0-301F-11D3-BF4B-00C04F79EFBC}") = "ServerProject", "ServerProject\ServerProject.csproj", "{43EFD4AD-D7E3-499A-927D-52B902CC0A5A}"
EndProject
Project("{FAE04EC0-301F-11D3-BF4B-00C04F79EFBC}") = "UserModel", "User\UserModel.csproj", "{7D42FAFC-27F5-4A76-8070-B241A48790FD}"
EndProject
Global
	GlobalSection(SolutionConfigurationPlatforms) = preSolution
		Debug|Any CPU = Debug|Any CPU
		Release|Any CPU = Release|Any CPU
	EndGlobalSection
	GlobalSection(ProjectConfigurationPlatforms) = postSolution
		{121C0B8F-8787-4981-9968-B395D9457D5C}.Debug|Any CPU.ActiveCfg = Debug|Any CPU
		{121C0B8F-8787-4981-9968-B395D9457D5C}.Debug|Any CPU.Build.0 = Debug|Any CPU
		{121C0B8F-8787-4981-9968-B395D9457D5C}.Release|Any CPU.ActiveCfg = Release|Any CPU
		{121C0B8F-8787-4981-9968-B395D9457D5C}.Release|Any CPU.Build.0 = Release|Any CPU
		{43EFD4AD-D7E3-499A-927D-52B902CC0A5A}.Debug|Any CPU.ActiveCfg = Debug|Any CPU
		{43EFD4AD-D7E3-499A-927D-52B902CC0A5A}.Debug|Any CPU.Build.0 = Debug|Any CPU
		{43EFD4AD-D7E3-499A-927D-52B902CC0A5A}.Release|Any CPU.ActiveCfg = Release|Any CPU
		{43EFD4AD-D7E3-499A-927D-52B902CC0A5A}.Release|Any CPU.Build.0 = Release|Any CPU
		{7D42FAFC-27F5-4A76-8070-B241A48790FD}.Debug|Any CPU.ActiveCfg = Debug|Any CPU
		{7D42FAFC-27F5-4A76-8070-B241A48790FD}.Debug|Any CPU.Build.0 = Debug|Any CPU
		{7D42FAFC-27F5-4A76-8070-B241A48790FD}.Release|Any CPU.ActiveCfg = Release|Any CPU
		{7D42FAFC-27F5-4A76-8070-B241A48790FD}.Release|Any CPU.Build.0 = Release|Any CPU
	EndGlobalSection
	GlobalSection(SolutionProperties) = preSolution
		HideSolutionNode = FALSE
	EndGlobalSection
	GlobalSection(ExtensibilityGlobals) = postSolution
		SolutionGuid = {89A936A9-2D08-463B-B61A-BCE0F01AC53B}
	EndGlobalSection
EndGlobal
